
Microsoft Visual Studio Solution File, Format Version 12.00
# Visual Studio Version 17
VisualStudioVersion = 17.7.34031.279
MinimumVisualStudioVersion = 10.0.40219.1
Project("{FAE04EC0-301F-11D3-BF4B-00C04F79EFBC}") = "E-gebeya", "E-gebeya\E-gebeya.csproj", "{453D5D73-8B65-4F79-8761-6E79325A4886}"
EndProject
Global
	GlobalSection(SolutionConfigurationPlatforms) = preSolution
		Debug|Any CPU = Debug|Any CPU
		Release|Any CPU = Release|Any CPU
	EndGlobalSection
	GlobalSection(ProjectConfigurationPlatforms) = postSolution
		{453D5D73-8B65-4F79-8761-6E79325A4886}.Debug|Any CPU.ActiveCfg = Debug|Any CPU
		{453D5D73-8B65-4F79-8761-6E79325A4886}.Debug|Any CPU.Build.0 = Debug|Any CPU
		{453D5D73-8B65-4F79-8761-6E79325A4886}.Release|Any CPU.ActiveCfg = Release|Any CPU
		{453D5D73-8B65-4F79-8761-6E79325A4886}.Release|Any CPU.Build.0 = Release|Any CPU
	EndGlobalSection
	GlobalSection(SolutionProperties) = preSolution
		HideSolutionNode = FALSE
	EndGlobalSection
	GlobalSection(ExtensibilityGlobals) = postSolution
		SolutionGuid = {7AF17E50-47B0-40C0-93CA-D9C2C8E10B39}
	EndGlobalSection
EndGlobal
