
Microsoft Visual Studio Solution File, Format Version 12.00
# Visual Studio Version 17
VisualStudioVersion = 17.10.35122.118
MinimumVisualStudioVersion = 10.0.40219.1
Project("{FAE04EC0-301F-11D3-BF4B-00C04F79EFBC}") = "E-gebeyaAPI", "E-gebeyaAPI\E-gebeyaAPI.csproj", "{B9E1E73B-5DFF-4EA9-9E35-0A1CE8DF59DB}"
EndProject
Global
	GlobalSection(SolutionConfigurationPlatforms) = preSolution
		Debug|Any CPU = Debug|Any CPU
		Release|Any CPU = Release|Any CPU
	EndGlobalSection
	GlobalSection(ProjectConfigurationPlatforms) = postSolution
		{B9E1E73B-5DFF-4EA9-9E35-0A1CE8DF59DB}.Debug|Any CPU.ActiveCfg = Debug|Any CPU
		{B9E1E73B-5DFF-4EA9-9E35-0A1CE8DF59DB}.Debug|Any CPU.Build.0 = Debug|Any CPU
		{B9E1E73B-5DFF-4EA9-9E35-0A1CE8DF59DB}.Release|Any CPU.ActiveCfg = Release|Any CPU
		{B9E1E73B-5DFF-4EA9-9E35-0A1CE8DF59DB}.Release|Any CPU.Build.0 = Release|Any CPU
	EndGlobalSection
	GlobalSection(SolutionProperties) = preSolution
		HideSolutionNode = FALSE
	EndGlobalSection
	GlobalSection(ExtensibilityGlobals) = postSolution
		SolutionGuid = {ADFEB7B9-3940-4B92-9337-D384E664672D}
	EndGlobalSection
EndGlobal
